
Microsoft Visual Studio Solution File, Format Version 12.00
# Visual Studio 15
VisualStudioVersion = 15.0.28307.168
MinimumVisualStudioVersion = 10.0.40219.1
Project("{9A19103F-16F7-4668-BE54-9A1E7A4F7556}") = "RicMonitoringAPI", "RicMonitoringAPI\RicMonitoringAPI.csproj", "{CE3299E2-A324-4641-B4B1-6FA1E6DFED75}"
EndProject
Global
	GlobalSection(SolutionConfigurationPlatforms) = preSolution
		Debug|Any CPU = Debug|Any CPU
		Release|Any CPU = Release|Any CPU
	EndGlobalSection
	GlobalSection(ProjectConfigurationPlatforms) = postSolution
		{CE3299E2-A324-4641-B4B1-6FA1E6DFED75}.Debug|Any CPU.ActiveCfg = Debug|Any CPU
		{CE3299E2-A324-4641-B4B1-6FA1E6DFED75}.Debug|Any CPU.Build.0 = Debug|Any CPU
		{CE3299E2-A324-4641-B4B1-6FA1E6DFED75}.Release|Any CPU.ActiveCfg = Release|Any CPU
		{CE3299E2-A324-4641-B4B1-6FA1E6DFED75}.Release|Any CPU.Build.0 = Release|Any CPU
	EndGlobalSection
	GlobalSection(SolutionProperties) = preSolution
		HideSolutionNode = FALSE
	EndGlobalSection
	GlobalSection(ExtensibilityGlobals) = postSolution
		SolutionGuid = {BEF632AB-FA9C-44EE-A945-FFF34A09497D}
	EndGlobalSection
EndGlobal
